
Microsoft Visual Studio Solution File, Format Version 12.00
# Visual Studio 15
VisualStudioVersion = 15.0.28307.136
MinimumVisualStudioVersion = 10.0.40219.1
Project("{FAE04EC0-301F-11D3-BF4B-00C04F79EFBC}") = "TagDetectorConsole", "TagDetectorConsole\TagDetectorConsole.csproj", "{A0E7D6E3-D577-4CA8-B41A-E93CD484BEC5}"
EndProject
Project("{FAE04EC0-301F-11D3-BF4B-00C04F79EFBC}") = "libzbar-cil", "libzbar-cil\libzbar-cil.csproj", "{58D63AA2-59A3-4E02-B833-819727FA8CEE}"
EndProject
Project("{FAE04EC0-301F-11D3-BF4B-00C04F79EFBC}") = "TagDetector", "TagDetector\TagDetector.csproj", "{835A8D88-FA20-4825-8439-B74532F5A7A1}"
EndProject
Global
	GlobalSection(SolutionConfigurationPlatforms) = preSolution
		Debug|Any CPU = Debug|Any CPU
		Release|Any CPU = Release|Any CPU
	EndGlobalSection
	GlobalSection(ProjectConfigurationPlatforms) = postSolution
		{A0E7D6E3-D577-4CA8-B41A-E93CD484BEC5}.Debug|Any CPU.ActiveCfg = Debug|Any CPU
		{A0E7D6E3-D577-4CA8-B41A-E93CD484BEC5}.Debug|Any CPU.Build.0 = Debug|Any CPU
		{A0E7D6E3-D577-4CA8-B41A-E93CD484BEC5}.Release|Any CPU.ActiveCfg = Release|Any CPU
		{A0E7D6E3-D577-4CA8-B41A-E93CD484BEC5}.Release|Any CPU.Build.0 = Release|Any CPU
		{58D63AA2-59A3-4E02-B833-819727FA8CEE}.Debug|Any CPU.ActiveCfg = Debug|Any CPU
		{58D63AA2-59A3-4E02-B833-819727FA8CEE}.Debug|Any CPU.Build.0 = Debug|Any CPU
		{58D63AA2-59A3-4E02-B833-819727FA8CEE}.Release|Any CPU.ActiveCfg = Release|Any CPU
		{58D63AA2-59A3-4E02-B833-819727FA8CEE}.Release|Any CPU.Build.0 = Release|Any CPU
		{835A8D88-FA20-4825-8439-B74532F5A7A1}.Debug|Any CPU.ActiveCfg = Debug|Any CPU
		{835A8D88-FA20-4825-8439-B74532F5A7A1}.Debug|Any CPU.Build.0 = Debug|Any CPU
		{835A8D88-FA20-4825-8439-B74532F5A7A1}.Release|Any CPU.ActiveCfg = Release|Any CPU
		{835A8D88-FA20-4825-8439-B74532F5A7A1}.Release|Any CPU.Build.0 = Release|Any CPU
	EndGlobalSection
	GlobalSection(SolutionProperties) = preSolution
		HideSolutionNode = FALSE
	EndGlobalSection
	GlobalSection(ExtensibilityGlobals) = postSolution
		SolutionGuid = {7AD57187-4089-4074-B7A3-28ED07FDABB3}
	EndGlobalSection
EndGlobal
